
Microsoft Visual Studio Solution File, Format Version 12.00
# Visual Studio Version 16
VisualStudioVersion = 16.0.31019.35
MinimumVisualStudioVersion = 10.0.40219.1
Project("{FAE04EC0-301F-11D3-BF4B-00C04F79EFBC}") = "BuilderPatternTest", "BuilderPatternTest\BuilderPatternTest.csproj", "{83A8744A-5CF3-4BAA-A8D2-EC04F166C8EB}"
EndProject
Global
	GlobalSection(SolutionConfigurationPlatforms) = preSolution
		Debug|Any CPU = Debug|Any CPU
		Release|Any CPU = Release|Any CPU
	EndGlobalSection
	GlobalSection(ProjectConfigurationPlatforms) = postSolution
		{83A8744A-5CF3-4BAA-A8D2-EC04F166C8EB}.Debug|Any CPU.ActiveCfg = Debug|Any CPU
		{83A8744A-5CF3-4BAA-A8D2-EC04F166C8EB}.Debug|Any CPU.Build.0 = Debug|Any CPU
		{83A8744A-5CF3-4BAA-A8D2-EC04F166C8EB}.Release|Any CPU.ActiveCfg = Release|Any CPU
		{83A8744A-5CF3-4BAA-A8D2-EC04F166C8EB}.Release|Any CPU.Build.0 = Release|Any CPU
	EndGlobalSection
	GlobalSection(SolutionProperties) = preSolution
		HideSolutionNode = FALSE
	EndGlobalSection
	GlobalSection(ExtensibilityGlobals) = postSolution
		SolutionGuid = {A4C07A4E-ACF2-4CB8-9427-068C8D920F9F}
	EndGlobalSection
EndGlobal
